
Microsoft Visual Studio Solution File, Format Version 12.00
# Visual Studio Version 17
VisualStudioVersion = 17.4.33403.182
MinimumVisualStudioVersion = 10.0.40219.1
Project("{FAE04EC0-301F-11D3-BF4B-00C04F79EFBC}") = "M9-UF3-P2-DaniPerez", "ACTIVIDAD_2_VIRTUALBOX\M9-UF3-P2-DaniPerez.csproj", "{98AB868E-8DF5-4DD1-8518-A86B9652EEAE}"
EndProject
Global
	GlobalSection(SolutionConfigurationPlatforms) = preSolution
		Debug|Any CPU = Debug|Any CPU
		Release|Any CPU = Release|Any CPU
	EndGlobalSection
	GlobalSection(ProjectConfigurationPlatforms) = postSolution
		{98AB868E-8DF5-4DD1-8518-A86B9652EEAE}.Debug|Any CPU.ActiveCfg = Debug|Any CPU
		{98AB868E-8DF5-4DD1-8518-A86B9652EEAE}.Debug|Any CPU.Build.0 = Debug|Any CPU
		{98AB868E-8DF5-4DD1-8518-A86B9652EEAE}.Release|Any CPU.ActiveCfg = Release|Any CPU
		{98AB868E-8DF5-4DD1-8518-A86B9652EEAE}.Release|Any CPU.Build.0 = Release|Any CPU
	EndGlobalSection
	GlobalSection(SolutionProperties) = preSolution
		HideSolutionNode = FALSE
	EndGlobalSection
	GlobalSection(ExtensibilityGlobals) = postSolution
		SolutionGuid = {A093CD90-061A-469D-81AD-50052F9BDE58}
	EndGlobalSection
EndGlobal
